
Microsoft Visual Studio Solution File, Format Version 12.00
# Visual Studio Version 17
VisualStudioVersion = 17.14.36518.9
MinimumVisualStudioVersion = 10.0.40219.1
Project("{FAE04EC0-301F-11D3-BF4B-00C04F79EFBC}") = "BlazorApp3", "BlazorApp3\BlazorApp3.csproj", "{379B8C30-1562-44DC-9092-20E154CE396D}"
EndProject
Global
	GlobalSection(SolutionConfigurationPlatforms) = preSolution
		Debug|Any CPU = Debug|Any CPU
		Release|Any CPU = Release|Any CPU
	EndGlobalSection
	GlobalSection(ProjectConfigurationPlatforms) = postSolution
		{379B8C30-1562-44DC-9092-20E154CE396D}.Debug|Any CPU.ActiveCfg = Debug|Any CPU
		{379B8C30-1562-44DC-9092-20E154CE396D}.Debug|Any CPU.Build.0 = Debug|Any CPU
		{379B8C30-1562-44DC-9092-20E154CE396D}.Release|Any CPU.ActiveCfg = Release|Any CPU
		{379B8C30-1562-44DC-9092-20E154CE396D}.Release|Any CPU.Build.0 = Release|Any CPU
	EndGlobalSection
	GlobalSection(SolutionProperties) = preSolution
		HideSolutionNode = FALSE
	EndGlobalSection
	GlobalSection(ExtensibilityGlobals) = postSolution
		SolutionGuid = {635D285C-09DE-4204-BB4E-4F3B66E8738A}
	EndGlobalSection
EndGlobal
